# THIS IS AN AUTOGENERATED FILE. DO NOT EDIT THIS FILE DIRECTLY.
# yarn lockfile v1


"@babel/runtime@^7.0.0":
  "integrity" "sha512-4QPkjJq6Ns3V/RgpEahRk+AGfL0eO6RHHtTWoNNr5mO49G6B5+X6d6THgWEAvTrznU5xYpbAlVKRYcsCgh/Akw=="
  "resolved" "https://registry.yarnpkg.com/@babel/runtime/-/runtime-7.13.10.tgz"
  "version" "7.13.10"
  dependencies:
    "regenerator-runtime" "^0.13.4"

"decode-uri-component@^0.2.0":
  "integrity" "sha1-6zkTMzRYd1y4TNGh+uBiEGu4dUU="
  "resolved" "https://registry.npmjs.org/decode-uri-component/-/decode-uri-component-0.2.0.tgz"
  "version" "0.2.0"

"filter-obj@^1.1.0":
  "integrity" "sha1-mzERErxsYSehbgFsbF1/GeCAXFs="
  "resolved" "https://registry.npmjs.org/filter-obj/-/filter-obj-1.1.0.tgz"
  "version" "1.1.0"

"memoize-one@>=3.1.1 <6":
  "integrity" "sha512-HKeeBpWvqiVJD57ZUAsJNm71eHTykffzcLZVYWiVfQeI1rJtuEaS7hQiEpWfVVk18donPwJEcFKIkCmPJNOhHA=="
  "resolved" "https://registry.yarnpkg.com/memoize-one/-/memoize-one-5.1.1.tgz"
  "version" "5.1.1"

"query-string@^7.0.0":
  "integrity" "sha512-Iy7moLybliR5ZgrK/1R3vjrXq03S13Vz4Rbm5Jg3EFq1LUmQppto0qtXz4vqZ386MSRjZgnTSZ9QC+NZOSd/XA=="
  "resolved" "https://registry.npmjs.org/query-string/-/query-string-7.0.0.tgz"
  "version" "7.0.0"
  dependencies:
    "decode-uri-component" "^0.2.0"
    "filter-obj" "^1.1.0"
    "split-on-first" "^1.0.0"
    "strict-uri-encode" "^2.0.0"

"react-window@^1.8.6":
  "integrity" "sha512-8VwEEYyjz6DCnGBsd+MgkD0KJ2/OXFULyDtorIiTz+QzwoP94tBoA7CnbtyXMm+cCeAUER5KJcPtWl9cpKbOBg=="
  "resolved" "https://registry.yarnpkg.com/react-window/-/react-window-1.8.6.tgz"
  "version" "1.8.6"
  dependencies:
    "@babel/runtime" "^7.0.0"
    "memoize-one" ">=3.1.1 <6"

"regenerator-runtime@^0.13.4":
  "integrity" "sha512-a54FxoJDIr27pgf7IgeQGxmqUNYrcV338lf/6gH456HZ/PhX+5BcwHXG9ajESmwe6WRO0tAzRUrRmNONWgkrew=="
  "resolved" "https://registry.yarnpkg.com/regenerator-runtime/-/regenerator-runtime-0.13.7.tgz"
  "version" "0.13.7"

"split-on-first@^1.0.0":
  "integrity" "sha512-43ZssAJaMusuKWL8sKUBQXHWOpq8d6CfN/u1p4gUzfJkM05C8rxTmYrkIPTXapZpORA6LkkzcUulJ8FqA7Uudw=="
  "resolved" "https://registry.npmjs.org/split-on-first/-/split-on-first-1.1.0.tgz"
  "version" "1.1.0"

"strict-uri-encode@^2.0.0":
  "integrity" "sha1-ucczDHBChi9rFC3CdLvMWGbONUY="
  "resolved" "https://registry.npmjs.org/strict-uri-encode/-/strict-uri-encode-2.0.0.tgz"
  "version" "2.0.0"
